
Microsoft Visual Studio Solution File, Format Version 12.00
# Visual Studio Version 16
VisualStudioVersion = 16.0.30309.148
MinimumVisualStudioVersion = 10.0.40219.1
Project("{FAE04EC0-301F-11D3-BF4B-00C04F79EFBC}") = "RUL_Program", "RUL_Program.csproj", "{A73963F4-9A69-4E8B-8BDD-C2379CB76A20}"
EndProject
Global
	GlobalSection(SolutionConfigurationPlatforms) = preSolution
		Debug|Any CPU = Debug|Any CPU
		Release|Any CPU = Release|Any CPU
	EndGlobalSection
	GlobalSection(ProjectConfigurationPlatforms) = postSolution
		{A73963F4-9A69-4E8B-8BDD-C2379CB76A20}.Debug|Any CPU.ActiveCfg = Debug|Any CPU
		{A73963F4-9A69-4E8B-8BDD-C2379CB76A20}.Debug|Any CPU.Build.0 = Debug|Any CPU
		{A73963F4-9A69-4E8B-8BDD-C2379CB76A20}.Release|Any CPU.ActiveCfg = Release|Any CPU
		{A73963F4-9A69-4E8B-8BDD-C2379CB76A20}.Release|Any CPU.Build.0 = Release|Any CPU
	EndGlobalSection
	GlobalSection(SolutionProperties) = preSolution
		HideSolutionNode = FALSE
	EndGlobalSection
	GlobalSection(ExtensibilityGlobals) = postSolution
		SolutionGuid = {737212DB-93BC-442A-A4B5-D273571292D0}
	EndGlobalSection
EndGlobal
